
Microsoft Visual Studio Solution File, Format Version 12.00
# Visual Studio Version 16
VisualStudioVersion = 16.0.30907.101
MinimumVisualStudioVersion = 10.0.40219.1
Project("{FAE04EC0-301F-11D3-BF4B-00C04F79EFBC}") = "InstaCafe1", "InstaCafe1\InstaCafe1.csproj", "{40F6796B-2E00-41DC-855F-948703341043}"
EndProject
Global
	GlobalSection(SolutionConfigurationPlatforms) = preSolution
		Debug|Any CPU = Debug|Any CPU
		Release|Any CPU = Release|Any CPU
	EndGlobalSection
	GlobalSection(ProjectConfigurationPlatforms) = postSolution
		{40F6796B-2E00-41DC-855F-948703341043}.Debug|Any CPU.ActiveCfg = Debug|Any CPU
		{40F6796B-2E00-41DC-855F-948703341043}.Debug|Any CPU.Build.0 = Debug|Any CPU
		{40F6796B-2E00-41DC-855F-948703341043}.Release|Any CPU.ActiveCfg = Release|Any CPU
		{40F6796B-2E00-41DC-855F-948703341043}.Release|Any CPU.Build.0 = Release|Any CPU
	EndGlobalSection
	GlobalSection(SolutionProperties) = preSolution
		HideSolutionNode = FALSE
	EndGlobalSection
	GlobalSection(ExtensibilityGlobals) = postSolution
		SolutionGuid = {BEB4A3B3-D12D-4900-BB07-846030D25D60}
	EndGlobalSection
EndGlobal
